// !$*UTF8*$!
{
	archiveVersion = 1;
	classes = {
	};
	objectVersion = 46;
	objects = {

/* Begin PBXBuildFile section */
		FF097CA01D43900600E8CC23 /* main.m in Sources */ = {isa = PBXBuildFile; fileRef = FF097C9F1D43900600E8CC23 /* main.m */; };
		FF097CA31D43900600E8CC23 /* AppDelegate.m in Sources */ = {isa = PBXBuildFile; fileRef = FF097CA21D43900600E8CC23 /* AppDelegate.m */; };
		FF097CA61D43900600E8CC23 /* ViewController.m in Sources */ = {isa = PBXBuildFile; fileRef = FF097CA51D43900600E8CC23 /* ViewController.m */; };
		FF097CA91D43900600E8CC23 /* Main.storyboard in Resources */ = {isa = PBXBuildFile; fileRef = FF097CA71D43900600E8CC23 /* Main.storyboard */; };
		FF097CAB1D43900700E8CC23 /* Assets.xcassets in Resources */ = {isa = PBXBuildFile; fileRef = FF097CAA1D43900700E8CC23 /* Assets.xcassets */; };
		FF097CAE1D43900700E8CC23 /* LaunchScreen.storyboard in Resources */ = {isa = PBXBuildFile; fileRef = FF097CAC1D43900700E8CC23 /* LaunchScreen.storyboard */; };
		FF097CB91D43900700E8CC23 /* ThreadsTestTests.m in Sources */ = {isa = PBXBuildFile; fileRef = FF097CB81D43900700E8CC23 /* ThreadsTestTests.m */; };
		FF097CC41D43900700E8CC23 /* ThreadsTestUITests.m in Sources */ = {isa = PBXBuildFile; fileRef = FF097CC31D43900700E8CC23 /* ThreadsTestUITests.m */; };
/* End PBXBuildFile section */

/* Begin PBXContainerItemProxy section */
		FF097CB51D43900700E8CC23 /* PBXContainerItemProxy */ = {
			isa = PBXContainerItemProxy;
			containerPortal = FF097C931D43900600E8CC23 /* Project object */;
			proxyType = 1;
			remoteGlobalIDString = FF097C9A1D43900600E8CC23;
			remoteInfo = ThreadsTest;
		};
		FF097CC01D43900700E8CC23 /* PBXContainerItemProxy */ = {
			isa = PBXContainerItemProxy;
			containerPortal = FF097C931D43900600E8CC23 /* Project object */;
			proxyType = 1;
			remoteGlobalIDString = FF097C9A1D43900600E8CC23;
			remoteInfo = ThreadsTest;
		};
/* End PBXContainerItemProxy section */

/* Begin PBXFileReference section */
		FF097C9B1D43900600E8CC23 /* ThreadsTest.app */ = {isa = PBXFileReference; explicitFileType = wrapper.application; includeInIndex = 0; path = ThreadsTest.app; sourceTree = BUILT_PRODUCTS_DIR; };
		FF097C9F1D43900600E8CC23 /* main.m */ = {isa = PBXFileReference; lastKnownFileType = sourcecode.c.objc; path = main.m; sourceTree = "<group>"; };
		FF097CA11D43900600E8CC23 /* AppDelegate.h */ = {isa = PBXFileReference; lastKnownFileType = sourcecode.c.h; path = AppDelegate.h; sourceTree = "<group>"; };
		FF097CA21D43900600E8CC23 /* AppDelegate.m */ = {isa = PBXFileReference; lastKnownFileType = sourcecode.c.objc; path = AppDelegate.m; sourceTree = "<group>"; };
		FF097CA41D43900600E8CC23 /* ViewController.h */ = {isa = PBXFileReference; lastKnownFileType = sourcecode.c.h; path = ViewController.h; sourceTree = "<group>"; };
		FF097CA51D43900600E8CC23 /* ViewController.m */ = {isa = PBXFileReference; lastKnownFileType = sourcecode.c.objc; path = ViewController.m; sourceTree = "<group>"; };
		FF097CA81D43900600E8CC23 /* Base */ = {isa = PBXFileReference; lastKnownFileType = file.storyboard; name = Base; path = Base.lproj/Main.storyboard; sourceTree = "<group>"; };
		FF097CAA1D43900700E8CC23 /* Assets.xcassets */ = {isa = PBXFileReference; lastKnownFileType = folder.assetcatalog; path = Assets.xcassets; sourceTree = "<group>"; };
		FF097CAD1D43900700E8CC23 /* Base */ = {isa = PBXFileReference; lastKnownFileType = file.storyboard; name = Base; path = Base.lproj/LaunchScreen.storyboard; sourceTree = "<group>"; };
		FF097CAF1D43900700E8CC23 /* Info.plist */ = {isa = PBXFileReference; lastKnownFileType = text.plist.xml; path = Info.plist; sourceTree = "<group>"; };
		FF097CB41D43900700E8CC23 /* ThreadsTestTests.xctest */ = {isa = PBXFileReference; explicitFileType = wrapper.cfbundle; includeInIndex = 0; path = ThreadsTestTests.xctest; sourceTree = BUILT_PRODUCTS_DIR; };
		FF097CB81D43900700E8CC23 /* ThreadsTestTests.m */ = {isa = PBXFileReference; lastKnownFileType = sourcecode.c.objc; path = ThreadsTestTests.m; sourceTree = "<group>"; };
		FF097CBA1D43900700E8CC23 /* Info.plist */ = {isa = PBXFileReference; lastKnownFileType = text.plist.xml; path = Info.plist; sourceTree = "<group>"; };
		FF097CBF1D43900700E8CC23 /* ThreadsTestUITests.xctest */ = {isa = PBXFileReference; explicitFileType = wrapper.cfbundle; includeInIndex = 0; path = ThreadsTestUITests.xctest; sourceTree = BUILT_PRODUCTS_DIR; };
		FF097CC31D43900700E8CC23 /* ThreadsTestUITests.m */ = {isa = PBXFileReference; lastKnownFileType = sourcecode.c.objc; path = ThreadsTestUITests.m; sourceTree = "<group>"; };
		FF097CC51D43900700E8CC23 /* Info.plist */ = {isa = PBXFileReference; lastKnownFileType = text.plist.xml; path = Info.plist; sourceTree = "<group>"; };
/* End PBXFileReference section */

/* Begin PBXFrameworksBuildPhase section */
		FF097C981D43900600E8CC23 /* Frameworks */ = {
			isa = PBXFrameworksBuildPhase;
			buildActionMask = 2147483647;
			files = (
			);
			runOnlyForDeploymentPostprocessing = 0;
		};
		FF097CB11D43900700E8CC23 /* Frameworks */ = {
			isa = PBXFrameworksBuildPhase;
			buildActionMask = 2147483647;
			files = (
			);
			runOnlyForDeploymentPostprocessing = 0;
		};
		FF097CBC1D43900700E8CC23 /* Frameworks */ = {
			isa = PBXFrameworksBuildPhase;
			buildActionMask = 2147483647;
			files = (
			);
			runOnlyForDeploymentPostprocessing = 0;
		};
/* End PBXFrameworksBuildPhase section */

/* Begin PBXGroup section */
		FF097C921D43900600E8CC23 = {
			isa = PBXGroup;
			children = (
				FF097C9D1D43900600E8CC23 /* ThreadsTest */,
				FF097CB71D43900700E8CC23 /* ThreadsTestTests */,
				FF097CC21D43900700E8CC23 /* ThreadsTestUITests */,
				FF097C9C1D43900600E8CC23 /* Products */,
			);
			sourceTree = "<group>";
		};
		FF097C9C1D43900600E8CC23 /* Products */ = {
			isa = PBXGroup;
			children = (
				FF097C9B1D43900600E8CC23 /* ThreadsTest.app */,
				FF097CB41D43900700E8CC23 /* ThreadsTestTests.xctest */,
				FF097CBF1D43900700E8CC23 /* ThreadsTestUITests.xctest */,
			);
			name = Products;
			sourceTree = "<group>";
		};
		FF097C9D1D43900600E8CC23 /* ThreadsTest */ = {
			isa = PBXGroup;
			children = (
				FF097CA11D43900600E8CC23 /* AppDelegate.h */,
				FF097CA21D43900600E8CC23 /* AppDelegate.m */,
				FF097CA41D43900600E8CC23 /* ViewController.h */,
				FF097CA51D43900600E8CC23 /* ViewController.m */,
				FF097CA71D43900600E8CC23 /* Main.storyboard */,
				FF097CAA1D43900700E8CC23 /* Assets.xcassets */,
				FF097CAC1D43900700E8CC23 /* LaunchScreen.storyboard */,
				FF097CAF1D43900700E8CC23 /* Info.plist */,
				FF097C9E1D43900600E8CC23 /* Supporting Files */,
			);
			path = ThreadsTest;
			sourceTree = "<group>";
		};
		FF097C9E1D43900600E8CC23 /* Supporting Files */ = {
			isa = PBXGroup;
			children = (
				FF097C9F1D43900600E8CC23 /* main.m */,
			);
			name = "Supporting Files";
			sourceTree = "<group>";
		};
		FF097CB71D43900700E8CC23 /* ThreadsTestTests */ = {
			isa = PBXGroup;
			children = (
				FF097CB81D43900700E8CC23 /* ThreadsTestTests.m */,
				FF097CBA1D43900700E8CC23 /* Info.plist */,
			);
			path = ThreadsTestTests;
			sourceTree = "<group>";
		};
		FF097CC21D43900700E8CC23 /* ThreadsTestUITests */ = {
			isa = PBXGroup;
			children = (
				FF097CC31D43900700E8CC23 /* ThreadsTestUITests.m */,
				FF097CC51D43900700E8CC23 /* Info.plist */,
			);
			path = ThreadsTestUITests;
			sourceTree = "<group>";
		};
/* End PBXGroup section */

/* Begin PBXNativeTarget section */
		FF097C9A1D43900600E8CC23 /* ThreadsTest */ = {
			isa = PBXNativeTarget;
			buildConfigurationList = FF097CC81D43900700E8CC23 /* Build configuration list for PBXNativeTarget "ThreadsTest" */;
			buildPhases = (
				FF097C971D43900600E8CC23 /* Sources */,
				FF097C981D43900600E8CC23 /* Frameworks */,
				FF097C991D43900600E8CC23 /* Resources */,
			);
			buildRules = (
			);
			dependencies = (
			);
			name = ThreadsTest;
			productName = ThreadsTest;
			productReference = FF097C9B1D43900600E8CC23 /* ThreadsTest.app */;
			productType = "com.apple.product-type.application";
		};
		FF097CB31D43900700E8CC23 /* ThreadsTestTests */ = {
			isa = PBXNativeTarget;
			buildConfigurationList = FF097CCB1D43900700E8CC23 /* Build configuration list for PBXNativeTarget "ThreadsTestTests" */;
			buildPhases = (
				FF097CB01D43900700E8CC23 /* Sources */,
				FF097CB11D43900700E8CC23 /* Frameworks */,
				FF097CB21D43900700E8CC23 /* Resources */,
			);
			buildRules = (
			);
			dependencies = (
				FF097CB61D43900700E8CC23 /* PBXTargetDependency */,
			);
			name = ThreadsTestTests;
			productName = ThreadsTestTests;
			productReference = FF097CB41D43900700E8CC23 /* ThreadsTestTests.xctest */;
			productType = "com.apple.product-type.bundle.unit-test";
		};
		FF097CBE1D43900700E8CC23 /* ThreadsTestUITests */ = {
			isa = PBXNativeTarget;
			buildConfigurationList = FF097CCE1D43900700E8CC23 /* Build configuration list for PBXNativeTarget "ThreadsTestUITests" */;
			buildPhases = (
				FF097CBB1D43900700E8CC23 /* Sources */,
				FF097CBC1D43900700E8CC23 /* Frameworks */,
				FF097CBD1D43900700E8CC23 /* Resources */,
			);
			buildRules = (
			);
			dependencies = (
				FF097CC11D43900700E8CC23 /* PBXTargetDependency */,
			);
			name = ThreadsTestUITests;
			productName = ThreadsTestUITests;
			productReference = FF097CBF1D43900700E8CC23 /* ThreadsTestUITests.xctest */;
			productType = "com.apple.product-type.bundle.ui-testing";
		};
/* End PBXNativeTarget section */

/* Begin PBXProject section */
		FF097C931D43900600E8CC23 /* Project object */ = {
			isa = PBXProject;
			attributes = {
				LastUpgradeCheck = 0730;
				ORGANIZATIONNAME = "Виктор Мишустин";
				TargetAttributes = {
					FF097C9A1D43900600E8CC23 = {
						CreatedOnToolsVersion = 7.3.1;
					};
					FF097CB31D43900700E8CC23 = {
						CreatedOnToolsVersion = 7.3.1;
						TestTargetID = FF097C9A1D43900600E8CC23;
					};
					FF097CBE1D43900700E8CC23 = {
						CreatedOnToolsVersion = 7.3.1;
						TestTargetID = FF097C9A1D43900600E8CC23;
					};
				};
			};
			buildConfigurationList = FF097C961D43900600E8CC23 /* Build configuration list for PBXProject "ThreadsTest" */;
			compatibilityVersion = "Xcode 3.2";
			developmentRegion = English;
			hasScannedForEncodings = 0;
			knownRegions = (
				en,
				Base,
			);
			mainGroup = FF097C921D43900600E8CC23;
			productRefGroup = FF097C9C1D43900600E8CC23 /* Products */;
			projectDirPath = "";
			projectRoot = "";
			targets = (
				FF097C9A1D43900600E8CC23 /* ThreadsTest */,
				FF097CB31D43900700E8CC23 /* ThreadsTestTests */,
				FF097CBE1D43900700E8CC23 /* ThreadsTestUITests */,
			);
		};
/* End PBXProject section */

/* Begin PBXResourcesBuildPhase section */
		FF097C991D43900600E8CC23 /* Resources */ = {
			isa = PBXResourcesBuildPhase;
			buildActionMask = 2147483647;
			files = (
				FF097CAE1D43900700E8CC23 /* LaunchScreen.storyboard in Resources */,
				FF097CAB1D43900700E8CC23 /* Assets.xcassets in Resources */,
				FF097CA91D43900600E8CC23 /* Main.storyboard in Resources */,
			);
			runOnlyForDeploymentPostprocessing = 0;
		};
		FF097CB21D43900700E8CC23 /* Resources */ = {
			isa = PBXResourcesBuildPhase;
			buildActionMask = 2147483647;
			files = (
			);
			runOnlyForDeploymentPostprocessing = 0;
		};
		FF097CBD1D43900700E8CC23 /* Resources */ = {
			isa = PBXResourcesBuildPhase;
			buildActionMask = 2147483647;
			files = (
			);
			runOnlyForDeploymentPostprocessing = 0;
		};
/* End PBXResourcesBuildPhase section */

/* Begin PBXSourcesBuildPhase section */
		FF097C971D43900600E8CC23 /* Sources */ = {
			isa = PBXSourcesBuildPhase;
			buildActionMask = 2147483647;
			files = (
				FF097CA61D43900600E8CC23 /* ViewController.m in Sources */,
				FF097CA31D43900600E8CC23 /* AppDelegate.m in Sources */,
				FF097CA01D43900600E8CC23 /* main.m in Sources */,
			);
			runOnlyForDeploymentPostprocessing = 0;
		};
		FF097CB01D43900700E8CC23 /* Sources */ = {
			isa = PBXSourcesBuildPhase;
			buildActionMask = 2147483647;
			files = (
				FF097CB91D43900700E8CC23 /* ThreadsTestTests.m in Sources */,
			);
			runOnlyForDeploymentPostprocessing = 0;
		};
		FF097CBB1D43900700E8CC23 /* Sources */ = {
			isa = PBXSourcesBuildPhase;
			buildActionMask = 2147483647;
			files = (
				FF097CC41D43900700E8CC23 /* ThreadsTestUITests.m in Sources */,
			);
			runOnlyForDeploymentPostprocessing = 0;
		};
/* End PBXSourcesBuildPhase section */

/* Begin PBXTargetDependency section */
		FF097CB61D43900700E8CC23 /* PBXTargetDependency */ = {
			isa = PBXTargetDependency;
			target = FF097C9A1D43900600E8CC23 /* ThreadsTest */;
			targetProxy = FF097CB51D43900700E8CC23 /* PBXContainerItemProxy */;
		};
		FF097CC11D43900700E8CC23 /* PBXTargetDependency */ = {
			isa = PBXTargetDependency;
			target = FF097C9A1D43900600E8CC23 /* ThreadsTest */;
			targetProxy = FF097CC01D43900700E8CC23 /* PBXContainerItemProxy */;
		};
/* End PBXTargetDependency section */

/* Begin PBXVariantGroup section */
		FF097CA71D43900600E8CC23 /* Main.storyboard */ = {
			isa = PBXVariantGroup;
			children = (
				FF097CA81D43900600E8CC23 /* Base */,
			);
			name = Main.storyboard;
			sourceTree = "<group>";
		};
		FF097CAC1D43900700E8CC23 /* LaunchScreen.storyboard */ = {
			isa = PBXVariantGroup;
			children = (
				FF097CAD1D43900700E8CC23 /* Base */,
			);
			name = LaunchScreen.storyboard;
			sourceTree = "<group>";
		};
/* End PBXVariantGroup section */

/* Begin XCBuildConfiguration section */
		FF097CC61D43900700E8CC23 /* Debug */ = {
			isa = XCBuildConfiguration;
			buildSettings = {
				ALWAYS_SEARCH_USER_PATHS = NO;
				CLANG_ANALYZER_NONNULL = YES;
				CLANG_CXX_LANGUAGE_STANDARD = "gnu++0x";
				CLANG_CXX_LIBRARY = "libc++";
				CLANG_ENABLE_MODULES = YES;
				CLANG_ENABLE_OBJC_ARC = YES;
				CLANG_WARN_BOOL_CONVERSION = YES;
				CLANG_WARN_CONSTANT_CONVERSION = YES;
				CLANG_WARN_DIRECT_OBJC_ISA_USAGE = YES_ERROR;
				CLANG_WARN_EMPTY_BODY = YES;
				CLANG_WARN_ENUM_CONVERSION = YES;
				CLANG_WARN_INT_CONVERSION = YES;
				CLANG_WARN_OBJC_ROOT_CLASS = YES_ERROR;
				CLANG_WARN_UNREACHABLE_CODE = YES;
				CLANG_WARN__DUPLICATE_METHOD_MATCH = YES;
				"CODE_SIGN_IDENTITY[sdk=iphoneos*]" = "iPhone Developer";
				COPY_PHASE_STRIP = NO;
				DEBUG_INFORMATION_FORMAT = dwarf;
				ENABLE_STRICT_OBJC_MSGSEND = YES;
				ENABLE_TESTABILITY = YES;
				GCC_C_LANGUAGE_STANDARD = gnu99;
				GCC_DYNAMIC_NO_PIC = NO;
				GCC_NO_COMMON_BLOCKS = YES;
				GCC_OPTIMIZATION_LEVEL = 0;
				GCC_PREPROCESSOR_DEFINITIONS = (
					"DEBUG=1",
					"$(inherited)",
				);
				GCC_WARN_64_TO_32_BIT_CONVERSION = YES;
				GCC_WARN_ABOUT_RETURN_TYPE = YES_ERROR;
				GCC_WARN_UNDECLARED_SELECTOR = YES;
				GCC_WARN_UNINITIALIZED_AUTOS = YES_AGGRESSIVE;
				GCC_WARN_UNUSED_FUNCTION = YES;
				GCC_WARN_UNUSED_VARIABLE = YES;
				IPHONEOS_DEPLOYMENT_TARGET = 9.3;
				MTL_ENABLE_DEBUG_INFO = YES;
				ONLY_ACTIVE_ARCH = YES;
				SDKROOT = iphoneos;
				TARGETED_DEVICE_FAMILY = "1,2";
			};
			name = Debug;
		};
		FF097CC71D43900700E8CC23 /* Release */ = {
			isa = XCBuildConfiguration;
			buildSettings = {
				ALWAYS_SEARCH_USER_PATHS = NO;
				CLANG_ANALYZER_NONNULL = YES;
				CLANG_CXX_LANGUAGE_STANDARD = "gnu++0x";
				CLANG_CXX_LIBRARY = "libc++";
				CLANG_ENABLE_MODULES = YES;
				CLANG_ENABLE_OBJC_ARC = YES;
				CLANG_WARN_BOOL_CONVERSION = YES;
				CLANG_WARN_CONSTANT_CONVERSION = YES;
				CLANG_WARN_DIRECT_OBJC_ISA_USAGE = YES_ERROR;
				CLANG_WARN_EMPTY_BODY = YES;
				CLANG_WARN_ENUM_CONVERSION = YES;
				CLANG_WARN_INT_CONVERSION = YES;
				CLANG_WARN_OBJC_ROOT_CLASS = YES_ERROR;
				CLANG_WARN_UNREACHABLE_CODE = YES;
				CLANG_WARN__DUPLICATE_METHOD_MATCH = YES;
				"CODE_SIGN_IDENTITY[sdk=iphoneos*]" = "iPhone Developer";
				COPY_PHASE_STRIP = NO;
				DEBUG_INFORMATION_FORMAT = "dwarf-with-dsym";
				ENABLE_NS_ASSERTIONS = NO;
				ENABLE_STRICT_OBJC_MSGSEND = YES;
				GCC_C_LANGUAGE_STANDARD = gnu99;
				GCC_NO_COMMON_BLOCKS = YES;
				GCC_WARN_64_TO_32_BIT_CONVERSION = YES;
				GCC_WARN_ABOUT_RETURN_TYPE = YES_ERROR;
				GCC_WARN_UNDECLARED_SELECTOR = YES;
				GCC_WARN_UNINITIALIZED_AUTOS = YES_AGGRESSIVE;
				GCC_WARN_UNUSED_FUNCTION = YES;
				GCC_WARN_UNUSED_VARIABLE = YES;
				IPHONEOS_DEPLOYMENT_TARGET = 9.3;
				MTL_ENABLE_DEBUG_INFO = NO;
				SDKROOT = iphoneos;
				TARGETED_DEVICE_FAMILY = "1,2";
				VALIDATE_PRODUCT = YES;
			};
			name = Release;
		};
		FF097CC91D43900700E8CC23 /* Debug */ = {
			isa = XCBuildConfiguration;
			buildSettings = {
				ASSETCATALOG_COMPILER_APPICON_NAME = AppIcon;
				INFOPLIST_FILE = ThreadsTest/Info.plist;
				LD_RUNPATH_SEARCH_PATHS = "$(inherited) @executable_path/Frameworks";
				PRODUCT_BUNDLE_IDENTIFIER = KiviLab.ThreadsTest;
				PRODUCT_NAME = "$(TARGET_NAME)";
			};
			name = Debug;
		};
		FF097CCA1D43900700E8CC23 /* Release */ = {
			isa = XCBuildConfiguration;
			buildSettings = {
				ASSETCATALOG_COMPILER_APPICON_NAME = AppIcon;
				INFOPLIST_FILE = ThreadsTest/Info.plist;
				LD_RUNPATH_SEARCH_PATHS = "$(inherited) @executable_path/Frameworks";
				PRODUCT_BUNDLE_IDENTIFIER = KiviLab.ThreadsTest;
				PRODUCT_NAME = "$(TARGET_NAME)";
			};
			name = Release;
		};
		FF097CCC1D43900700E8CC23 /* Debug */ = {
			isa = XCBuildConfiguration;
			buildSettings = {
				BUNDLE_LOADER = "$(TEST_HOST)";
				INFOPLIST_FILE = ThreadsTestTests/Info.plist;
				LD_RUNPATH_SEARCH_PATHS = "$(inherited) @executable_path/Frameworks @loader_path/Frameworks";
				PRODUCT_BUNDLE_IDENTIFIER = KiviLab.ThreadsTestTests;
				PRODUCT_NAME = "$(TARGET_NAME)";
				TEST_HOST = "$(BUILT_PRODUCTS_DIR)/ThreadsTest.app/ThreadsTest";
			};
			name = Debug;
		};
		FF097CCD1D43900700E8CC23 /* Release */ = {
			isa = XCBuildConfiguration;
			buildSettings = {
				BUNDLE_LOADER = "$(TEST_HOST)";
				INFOPLIST_FILE = ThreadsTestTests/Info.plist;
				LD_RUNPATH_SEARCH_PATHS = "$(inherited) @executable_path/Frameworks @loader_path/Frameworks";
				PRODUCT_BUNDLE_IDENTIFIER = KiviLab.ThreadsTestTests;
				PRODUCT_NAME = "$(TARGET_NAME)";
				TEST_HOST = "$(BUILT_PRODUCTS_DIR)/ThreadsTest.app/ThreadsTest";
			};
			name = Release;
		};
		FF097CCF1D43900700E8CC23 /* Debug */ = {
			isa = XCBuildConfiguration;
			buildSettings = {
				INFOPLIST_FILE = ThreadsTestUITests/Info.plist;
				LD_RUNPATH_SEARCH_PATHS = "$(inherited) @executable_path/Frameworks @loader_path/Frameworks";
				PRODUCT_BUNDLE_IDENTIFIER = KiviLab.ThreadsTestUITests;
				PRODUCT_NAME = "$(TARGET_NAME)";
				TEST_TARGET_NAME = ThreadsTest;
			};
			name = Debug;
		};
		FF097CD01D43900700E8CC23 /* Release */ = {
			isa = XCBuildConfiguration;
			buildSettings = {
				INFOPLIST_FILE = ThreadsTestUITests/Info.plist;
				LD_RUNPATH_SEARCH_PATHS = "$(inherited) @executable_path/Frameworks @loader_path/Frameworks";
				PRODUCT_BUNDLE_IDENTIFIER = KiviLab.ThreadsTestUITests;
				PRODUCT_NAME = "$(TARGET_NAME)";
				TEST_TARGET_NAME = ThreadsTest;
			};
			name = Release;
		};
/* End XCBuildConfiguration section */

/* Begin XCConfigurationList section */
		FF097C961D43900600E8CC23 /* Build configuration list for PBXProject "ThreadsTest" */ = {
			isa = XCConfigurationList;
			buildConfigurations = (
				FF097CC61D43900700E8CC23 /* Debug */,
				FF097CC71D43900700E8CC23 /* Release */,
			);
			defaultConfigurationIsVisible = 0;
			defaultConfigurationName = Release;
		};
		FF097CC81D43900700E8CC23 /* Build configuration list for PBXNativeTarget "ThreadsTest" */ = {
			isa = XCConfigurationList;
			buildConfigurations = (
				FF097CC91D43900700E8CC23 /* Debug */,
				FF097CCA1D43900700E8CC23 /* Release */,
			);
			defaultConfigurationIsVisible = 0;
		};
		FF097CCB1D43900700E8CC23 /* Build configuration list for PBXNativeTarget "ThreadsTestTests" */ = {
			isa = XCConfigurationList;
			buildConfigurations = (
				FF097CCC1D43900700E8CC23 /* Debug */,
				FF097CCD1D43900700E8CC23 /* Release */,
			);
			defaultConfigurationIsVisible = 0;
		};
		FF097CCE1D43900700E8CC23 /* Build configuration list for PBXNativeTarget "ThreadsTestUITests" */ = {
			isa = XCConfigurationList;
			buildConfigurations = (
				FF097CCF1D43900700E8CC23 /* Debug */,
				FF097CD01D43900700E8CC23 /* Release */,
			);
			defaultConfigurationIsVisible = 0;
		};
/* End XCConfigurationList section */
	};
	rootObject = FF097C931D43900600E8CC23 /* Project object */;
}
